
Microsoft Visual Studio Solution File, Format Version 12.00
# Visual Studio Version 17
VisualStudioVersion = 17.14.36121.58 d17.14
MinimumVisualStudioVersion = 10.0.40219.1
Project("{FAE04EC0-301F-11D3-BF4B-00C04F79EFBC}") = "OOP_3", "OOP_3\OOP_3.csproj", "{07F42234-0562-4961-95C5-97D406397823}"
EndProject
Global
	GlobalSection(SolutionConfigurationPlatforms) = preSolution
		Debug|Any CPU = Debug|Any CPU
		Release|Any CPU = Release|Any CPU
	EndGlobalSection
	GlobalSection(ProjectConfigurationPlatforms) = postSolution
		{07F42234-0562-4961-95C5-97D406397823}.Debug|Any CPU.ActiveCfg = Debug|Any CPU
		{07F42234-0562-4961-95C5-97D406397823}.Debug|Any CPU.Build.0 = Debug|Any CPU
		{07F42234-0562-4961-95C5-97D406397823}.Release|Any CPU.ActiveCfg = Release|Any CPU
		{07F42234-0562-4961-95C5-97D406397823}.Release|Any CPU.Build.0 = Release|Any CPU
	EndGlobalSection
	GlobalSection(SolutionProperties) = preSolution
		HideSolutionNode = FALSE
	EndGlobalSection
	GlobalSection(ExtensibilityGlobals) = postSolution
		SolutionGuid = {C8487F9E-300B-4737-ADAB-F735C07E4B21}
	EndGlobalSection
EndGlobal
