
Microsoft Visual Studio Solution File, Format Version 12.00
# Visual Studio Version 17
VisualStudioVersion = 17.14.36121.58 d17.14
MinimumVisualStudioVersion = 10.0.40219.1
Project("{FAE04EC0-301F-11D3-BF4B-00C04F79EFBC}") = "OOP_1", "OOP_1\OOP_1.csproj", "{F2F3E384-186D-4D11-AE26-D0BC593D9E01}"
EndProject
Project("{FAE04EC0-301F-11D3-BF4B-00C04F79EFBC}") = "OOP_2", "..\OOP_2\OOP_2.csproj", "{DD9606E3-B8CD-45BE-9238-DFA562123873}"
EndProject
Global
	GlobalSection(SolutionConfigurationPlatforms) = preSolution
		Debug|Any CPU = Debug|Any CPU
		Release|Any CPU = Release|Any CPU
	EndGlobalSection
	GlobalSection(ProjectConfigurationPlatforms) = postSolution
		{F2F3E384-186D-4D11-AE26-D0BC593D9E01}.Debug|Any CPU.ActiveCfg = Debug|Any CPU
		{F2F3E384-186D-4D11-AE26-D0BC593D9E01}.Debug|Any CPU.Build.0 = Debug|Any CPU
		{F2F3E384-186D-4D11-AE26-D0BC593D9E01}.Release|Any CPU.ActiveCfg = Release|Any CPU
		{F2F3E384-186D-4D11-AE26-D0BC593D9E01}.Release|Any CPU.Build.0 = Release|Any CPU
		{DD9606E3-B8CD-45BE-9238-DFA562123873}.Debug|Any CPU.ActiveCfg = Debug|Any CPU
		{DD9606E3-B8CD-45BE-9238-DFA562123873}.Debug|Any CPU.Build.0 = Debug|Any CPU
		{DD9606E3-B8CD-45BE-9238-DFA562123873}.Release|Any CPU.ActiveCfg = Release|Any CPU
		{DD9606E3-B8CD-45BE-9238-DFA562123873}.Release|Any CPU.Build.0 = Release|Any CPU
	EndGlobalSection
	GlobalSection(SolutionProperties) = preSolution
		HideSolutionNode = FALSE
	EndGlobalSection
	GlobalSection(ExtensibilityGlobals) = postSolution
		SolutionGuid = {705F135F-0729-49E4-AC89-B44FE3988A71}
	EndGlobalSection
EndGlobal
