
Microsoft Visual Studio Solution File, Format Version 12.00
# Visual Studio Version 17
VisualStudioVersion = 17.14.36121.58 d17.14
MinimumVisualStudioVersion = 10.0.40219.1
Project("{FAE04EC0-301F-11D3-BF4B-00C04F79EFBC}") = "OOP_4", "OOP_4\OOP_4.csproj", "{C2798EEE-80E8-4143-8F72-C5F3F86A62CE}"
EndProject
Global
	GlobalSection(SolutionConfigurationPlatforms) = preSolution
		Debug|Any CPU = Debug|Any CPU
		Release|Any CPU = Release|Any CPU
	EndGlobalSection
	GlobalSection(ProjectConfigurationPlatforms) = postSolution
		{C2798EEE-80E8-4143-8F72-C5F3F86A62CE}.Debug|Any CPU.ActiveCfg = Debug|Any CPU
		{C2798EEE-80E8-4143-8F72-C5F3F86A62CE}.Debug|Any CPU.Build.0 = Debug|Any CPU
		{C2798EEE-80E8-4143-8F72-C5F3F86A62CE}.Release|Any CPU.ActiveCfg = Release|Any CPU
		{C2798EEE-80E8-4143-8F72-C5F3F86A62CE}.Release|Any CPU.Build.0 = Release|Any CPU
	EndGlobalSection
	GlobalSection(SolutionProperties) = preSolution
		HideSolutionNode = FALSE
	EndGlobalSection
	GlobalSection(ExtensibilityGlobals) = postSolution
		SolutionGuid = {0F273DE5-7EE6-440F-8D78-CFFF6E7D6727}
	EndGlobalSection
EndGlobal
